
Microsoft Visual Studio Solution File, Format Version 12.00
# Visual Studio Version 17
VisualStudioVersion = 17.4.33205.214
MinimumVisualStudioVersion = 10.0.40219.1
Project("{9A19103F-16F7-4668-BE54-9A1E7A4F7556}") = "eXPerienceBar", "eXPerienceBar.csproj", "{A0E7AEAD-933B-4229-AC45-CAA2CDC15064}"
EndProject
Project("{FAE04EC0-301F-11D3-BF4B-00C04F79EFBC}") = "YukisCoffee.TrueStyleWPF", "..\YukisCoffee.TrueStyleWPF\YukisCoffee.TrueStyleWPF.csproj", "{129219A1-E882-457C-93C8-296D552016CE}"
EndProject
Global
	GlobalSection(SolutionConfigurationPlatforms) = preSolution
		Debug|Any CPU = Debug|Any CPU
		Release|Any CPU = Release|Any CPU
	EndGlobalSection
	GlobalSection(ProjectConfigurationPlatforms) = postSolution
		{A0E7AEAD-933B-4229-AC45-CAA2CDC15064}.Debug|Any CPU.ActiveCfg = Debug|Any CPU
		{A0E7AEAD-933B-4229-AC45-CAA2CDC15064}.Debug|Any CPU.Build.0 = Debug|Any CPU
		{A0E7AEAD-933B-4229-AC45-CAA2CDC15064}.Release|Any CPU.ActiveCfg = Release|Any CPU
		{A0E7AEAD-933B-4229-AC45-CAA2CDC15064}.Release|Any CPU.Build.0 = Release|Any CPU
		{129219A1-E882-457C-93C8-296D552016CE}.Debug|Any CPU.ActiveCfg = Debug|Any CPU
		{129219A1-E882-457C-93C8-296D552016CE}.Debug|Any CPU.Build.0 = Debug|Any CPU
		{129219A1-E882-457C-93C8-296D552016CE}.Release|Any CPU.ActiveCfg = Release|Any CPU
		{129219A1-E882-457C-93C8-296D552016CE}.Release|Any CPU.Build.0 = Release|Any CPU
	EndGlobalSection
	GlobalSection(SolutionProperties) = preSolution
		HideSolutionNode = FALSE
	EndGlobalSection
	GlobalSection(ExtensibilityGlobals) = postSolution
		SolutionGuid = {ADDB37DA-B9E6-4D8E-8A21-99486F0A370E}
	EndGlobalSection
EndGlobal
